
Microsoft Visual Studio Solution File, Format Version 12.00
Project("{FAE04EC0-301F-11D3-BF4B-00C04F79EFBC}") = "Kumparam", "Kumparam\Kumparam.csproj", "{C73CA593-6ABA-4F4B-9453-02C8E84762FD}"
EndProject
Global
	GlobalSection(SolutionConfigurationPlatforms) = preSolution
		Debug|Any CPU = Debug|Any CPU
		Release|Any CPU = Release|Any CPU
	EndGlobalSection
	GlobalSection(ProjectConfigurationPlatforms) = postSolution
		{C73CA593-6ABA-4F4B-9453-02C8E84762FD}.Debug|Any CPU.ActiveCfg = Debug|Any CPU
		{C73CA593-6ABA-4F4B-9453-02C8E84762FD}.Debug|Any CPU.Build.0 = Debug|Any CPU
		{C73CA593-6ABA-4F4B-9453-02C8E84762FD}.Release|Any CPU.ActiveCfg = Release|Any CPU
		{C73CA593-6ABA-4F4B-9453-02C8E84762FD}.Release|Any CPU.Build.0 = Release|Any CPU
	EndGlobalSection
EndGlobal
